
Microsoft Visual Studio Solution File, Format Version 12.00
# Visual Studio Version 17
VisualStudioVersion = 17.5.33627.172
MinimumVisualStudioVersion = 10.0.40219.1
Project("{FAE04EC0-301F-11D3-BF4B-00C04F79EFBC}") = "Projeto BackEnd SysOdonto", "Projeto BackEnd SysOdonto.csproj", "{ECC82751-0939-4CE4-B565-FEE37E3EBD1E}"
EndProject
Global
	GlobalSection(SolutionConfigurationPlatforms) = preSolution
		Debug|Any CPU = Debug|Any CPU
		Release|Any CPU = Release|Any CPU
	EndGlobalSection
	GlobalSection(ProjectConfigurationPlatforms) = postSolution
		{ECC82751-0939-4CE4-B565-FEE37E3EBD1E}.Debug|Any CPU.ActiveCfg = Debug|Any CPU
		{ECC82751-0939-4CE4-B565-FEE37E3EBD1E}.Debug|Any CPU.Build.0 = Debug|Any CPU
		{ECC82751-0939-4CE4-B565-FEE37E3EBD1E}.Release|Any CPU.ActiveCfg = Release|Any CPU
		{ECC82751-0939-4CE4-B565-FEE37E3EBD1E}.Release|Any CPU.Build.0 = Release|Any CPU
	EndGlobalSection
	GlobalSection(SolutionProperties) = preSolution
		HideSolutionNode = FALSE
	EndGlobalSection
	GlobalSection(ExtensibilityGlobals) = postSolution
		SolutionGuid = {8161FD21-D733-4183-9FD7-5B1FEAE60871}
	EndGlobalSection
EndGlobal
